// !$*UTF8*$!
{
	archiveVersion = 1;
	classes = {
	};
	objectVersion = 46;
	objects = {

/* Begin PBXBuildFile section */
		A0055DC319A1BD9500775046 /* AccessToken.m in Sources */ = {isa = PBXBuildFile; fileRef = A0055DC219A1BD9500775046 /* AccessToken.m */; };
		A0055DC719A1BDAA00775046 /* GTMBase64.m in Sources */ = {isa = PBXBuildFile; fileRef = A0055DC519A1BDAA00775046 /* GTMBase64.m */; };
		A026F008199C9E6F00A59173 /* MAMapKit.framework in Frameworks */ = {isa = PBXBuildFile; fileRef = A026F003199C9E5E00A59173 /* MAMapKit.framework */; };
		A026F00A199C9E9600A59173 /* QuartzCore.framework in Frameworks */ = {isa = PBXBuildFile; fileRef = A026F009199C9E9600A59173 /* QuartzCore.framework */; };
		A026F00C199C9EA200A59173 /* CoreLocation.framework in Frameworks */ = {isa = PBXBuildFile; fileRef = A026F00B199C9EA200A59173 /* CoreLocation.framework */; };
		A026F00E199C9EB400A59173 /* SystemConfiguration.framework in Frameworks */ = {isa = PBXBuildFile; fileRef = A026F00D199C9EB400A59173 /* SystemConfiguration.framework */; };
		A026F010199C9EC000A59173 /* CoreTelephony.framework in Frameworks */ = {isa = PBXBuildFile; fileRef = A026F00F199C9EC000A59173 /* CoreTelephony.framework */; };
		A026F014199C9F0300A59173 /* libstdc++.6.0.9.dylib in Frameworks */ = {isa = PBXBuildFile; fileRef = A026F013199C9F0300A59173 /* libstdc++.6.0.9.dylib */; };
		A026F016199C9F0D00A59173 /* Security.framework in Frameworks */ = {isa = PBXBuildFile; fileRef = A026F015199C9F0D00A59173 /* Security.framework */; };
		A026F018199C9F2900A59173 /* libz.dylib in Frameworks */ = {isa = PBXBuildFile; fileRef = A026F017199C9F2900A59173 /* libz.dylib */; };
		A026F01A199C9F6100A59173 /* AMap.bundle in Resources */ = {isa = PBXBuildFile; fileRef = A026F019199C9F6100A59173 /* AMap.bundle */; };
		A02C7D34199CB11C00686D1F /* AMapSearchKit.framework in Frameworks */ = {isa = PBXBuildFile; fileRef = A02C7D33199CB11C00686D1F /* AMapSearchKit.framework */; };
		A02C7D37199DF07200686D1F /* LoginViewController.m in Sources */ = {isa = PBXBuildFile; fileRef = A02C7D36199DF07200686D1F /* LoginViewController.m */; };
		A05D91E41994CB1F000CA97B /* Foundation.framework in Frameworks */ = {isa = PBXBuildFile; fileRef = A05D91E31994CB1F000CA97B /* Foundation.framework */; };
		A05D91E61994CB1F000CA97B /* CoreGraphics.framework in Frameworks */ = {isa = PBXBuildFile; fileRef = A05D91E51994CB1F000CA97B /* CoreGraphics.framework */; };
		A05D91E81994CB1F000CA97B /* UIKit.framework in Frameworks */ = {isa = PBXBuildFile; fileRef = A05D91E71994CB1F000CA97B /* UIKit.framework */; };
		A05D91EE1994CB1F000CA97B /* InfoPlist.strings in Resources */ = {isa = PBXBuildFile; fileRef = A05D91EC1994CB1F000CA97B /* InfoPlist.strings */; };
		A05D91F01994CB1F000CA97B /* main.m in Sources */ = {isa = PBXBuildFile; fileRef = A05D91EF1994CB1F000CA97B /* main.m */; };
		A05D91F41994CB1F000CA97B /* AppDelegate.m in Sources */ = {isa = PBXBuildFile; fileRef = A05D91F31994CB1F000CA97B /* AppDelegate.m */; };
		A05D91F61994CB1F000CA97B /* Images.xcassets in Resources */ = {isa = PBXBuildFile; fileRef = A05D91F51994CB1F000CA97B /* Images.xcassets */; };
		A05D91FD1994CB1F000CA97B /* XCTest.framework in Frameworks */ = {isa = PBXBuildFile; fileRef = A05D91FC1994CB1F000CA97B /* XCTest.framework */; };
		A05D91FE1994CB1F000CA97B /* Foundation.framework in Frameworks */ = {isa = PBXBuildFile; fileRef = A05D91E31994CB1F000CA97B /* Foundation.framework */; };
		A05D91FF1994CB1F000CA97B /* UIKit.framework in Frameworks */ = {isa = PBXBuildFile; fileRef = A05D91E71994CB1F000CA97B /* UIKit.framework */; };
		A05D92071994CB1F000CA97B /* InfoPlist.strings in Resources */ = {isa = PBXBuildFile; fileRef = A05D92051994CB1F000CA97B /* InfoPlist.strings */; };
		A05D92091994CB1F000CA97B /* _km_PopularizeTests.m in Sources */ = {isa = PBXBuildFile; fileRef = A05D92081994CB1F000CA97B /* _km_PopularizeTests.m */; };
		A05D921B1994CCFB000CA97B /* HomeViewController.m in Sources */ = {isa = PBXBuildFile; fileRef = A05D921A1994CCFB000CA97B /* HomeViewController.m */; };
		A05D921E1994CDAE000CA97B /* RootViewController.m in Sources */ = {isa = PBXBuildFile; fileRef = A05D921D1994CDAE000CA97B /* RootViewController.m */; };
		A0746E481994EA670041994D /* EditSupervisorViewController.m in Sources */ = {isa = PBXBuildFile; fileRef = A0746E471994EA670041994D /* EditSupervisorViewController.m */; };
		A0C5709E19A1D7E700ADF591 /* QiniuFile.m in Sources */ = {isa = PBXBuildFile; fileRef = A0C5709819A1D7E700ADF591 /* QiniuFile.m */; };
		A0C5709F19A1D7E700ADF591 /* QiniuToken.m in Sources */ = {isa = PBXBuildFile; fileRef = A0C5709A19A1D7E700ADF591 /* QiniuToken.m */; };
		A0C570A019A1D7E700ADF591 /* QiniuUploader.m in Sources */ = {isa = PBXBuildFile; fileRef = A0C5709C19A1D7E700ADF591 /* QiniuUploader.m */; };
		A0C570A319A3019B00ADF591 /* DistanceHelper.m in Sources */ = {isa = PBXBuildFile; fileRef = A0C570A219A3019B00ADF591 /* DistanceHelper.m */; };
		A0ED05F819A067CC00DDC762 /* Article.m in Sources */ = {isa = PBXBuildFile; fileRef = A0ED05F719A067CC00DDC762 /* Article.m */; };
		DFC41F74C9764F5C974DFAC4 /* libPods.a in Frameworks */ = {isa = PBXBuildFile; fileRef = CE0BBBBF7AE1418EABED9E1B /* libPods.a */; };
/* End PBXBuildFile section */

/* Begin PBXContainerItemProxy section */
		A05D92001994CB1F000CA97B /* PBXContainerItemProxy */ = {
			isa = PBXContainerItemProxy;
			containerPortal = A05D91D81994CB1F000CA97B /* Project object */;
			proxyType = 1;
			remoteGlobalIDString = A05D91DF1994CB1F000CA97B;
			remoteInfo = 0km_Popularize;
		};
/* End PBXContainerItemProxy section */

/* Begin PBXFileReference section */
		755482C6F6D84185B5C89C3C /* Pods.xcconfig */ = {isa = PBXFileReference; includeInIndex = 1; lastKnownFileType = text.xcconfig; name = Pods.xcconfig; path = Pods/Pods.xcconfig; sourceTree = "<group>"; };
		A0055DC119A1BD9500775046 /* AccessToken.h */ = {isa = PBXFileReference; fileEncoding = 4; lastKnownFileType = sourcecode.c.h; path = AccessToken.h; sourceTree = "<group>"; };
		A0055DC219A1BD9500775046 /* AccessToken.m */ = {isa = PBXFileReference; fileEncoding = 4; lastKnownFileType = sourcecode.c.objc; path = AccessToken.m; sourceTree = "<group>"; };
		A0055DC419A1BDAA00775046 /* GTMBase64.h */ = {isa = PBXFileReference; fileEncoding = 4; lastKnownFileType = sourcecode.c.h; path = GTMBase64.h; sourceTree = "<group>"; };
		A0055DC519A1BDAA00775046 /* GTMBase64.m */ = {isa = PBXFileReference; fileEncoding = 4; lastKnownFileType = sourcecode.c.objc; path = GTMBase64.m; sourceTree = "<group>"; };
		A0055DC619A1BDAA00775046 /* GTMDefines.h */ = {isa = PBXFileReference; fileEncoding = 4; lastKnownFileType = sourcecode.c.h; path = GTMDefines.h; sourceTree = "<group>"; };
		A026F003199C9E5E00A59173 /* MAMapKit.framework */ = {isa = PBXFileReference; lastKnownFileType = wrapper.framework; path = MAMapKit.framework; sourceTree = "<group>"; };
		A026F005199C9E5E00A59173 /* MAMapKit.framework */ = {isa = PBXFileReference; lastKnownFileType = wrapper.framework; path = MAMapKit.framework; sourceTree = "<group>"; };
		A026F007199C9E5E00A59173 /* AMapSearchKit.framework */ = {isa = PBXFileReference; lastKnownFileType = wrapper.framework; path = AMapSearchKit.framework; sourceTree = "<group>"; };
		A026F009199C9E9600A59173 /* QuartzCore.framework */ = {isa = PBXFileReference; lastKnownFileType = wrapper.framework; name = QuartzCore.framework; path = System/Library/Frameworks/QuartzCore.framework; sourceTree = SDKROOT; };
		A026F00B199C9EA200A59173 /* CoreLocation.framework */ = {isa = PBXFileReference; lastKnownFileType = wrapper.framework; name = CoreLocation.framework; path = System/Library/Frameworks/CoreLocation.framework; sourceTree = SDKROOT; };
		A026F00D199C9EB400A59173 /* SystemConfiguration.framework */ = {isa = PBXFileReference; lastKnownFileType = wrapper.framework; name = SystemConfiguration.framework; path = System/Library/Frameworks/SystemConfiguration.framework; sourceTree = SDKROOT; };
		A026F00F199C9EC000A59173 /* CoreTelephony.framework */ = {isa = PBXFileReference; lastKnownFileType = wrapper.framework; name = CoreTelephony.framework; path = System/Library/Frameworks/CoreTelephony.framework; sourceTree = SDKROOT; };
		A026F011199C9EF200A59173 /* libz.1.2.5.dylib */ = {isa = PBXFileReference; lastKnownFileType = "compiled.mach-o.dylib"; name = libz.1.2.5.dylib; path = usr/lib/libz.1.2.5.dylib; sourceTree = SDKROOT; };
		A026F013199C9F0300A59173 /* libstdc++.6.0.9.dylib */ = {isa = PBXFileReference; lastKnownFileType = "compiled.mach-o.dylib"; name = "libstdc++.6.0.9.dylib"; path = "usr/lib/libstdc++.6.0.9.dylib"; sourceTree = SDKROOT; };
		A026F015199C9F0D00A59173 /* Security.framework */ = {isa = PBXFileReference; lastKnownFileType = wrapper.framework; name = Security.framework; path = System/Library/Frameworks/Security.framework; sourceTree = SDKROOT; };
		A026F017199C9F2900A59173 /* libz.dylib */ = {isa = PBXFileReference; lastKnownFileType = "compiled.mach-o.dylib"; name = libz.dylib; path = usr/lib/libz.dylib; sourceTree = SDKROOT; };
		A026F019199C9F6100A59173 /* AMap.bundle */ = {isa = PBXFileReference; lastKnownFileType = "wrapper.plug-in"; path = AMap.bundle; sourceTree = "<group>"; };
		A02C7D33199CB11C00686D1F /* AMapSearchKit.framework */ = {isa = PBXFileReference; lastKnownFileType = wrapper.framework; name = AMapSearchKit.framework; path = ../../../Downloads/AMap_iOS_API_V2.2/AMap_iOS_API_Lib_V2.2/AMap_iOS_API_Lib_V2.2.1/Search/AMapSearchKit.framework; sourceTree = "<group>"; };
		A02C7D35199DF07200686D1F /* LoginViewController.h */ = {isa = PBXFileReference; fileEncoding = 4; lastKnownFileType = sourcecode.c.h; path = LoginViewController.h; sourceTree = "<group>"; };
		A02C7D36199DF07200686D1F /* LoginViewController.m */ = {isa = PBXFileReference; fileEncoding = 4; lastKnownFileType = sourcecode.c.objc; path = LoginViewController.m; sourceTree = "<group>"; };
		A05D91E01994CB1F000CA97B /* 0km_Popularize.app */ = {isa = PBXFileReference; explicitFileType = wrapper.application; includeInIndex = 0; path = 0km_Popularize.app; sourceTree = BUILT_PRODUCTS_DIR; };
		A05D91E31994CB1F000CA97B /* Foundation.framework */ = {isa = PBXFileReference; lastKnownFileType = wrapper.framework; name = Foundation.framework; path = System/Library/Frameworks/Foundation.framework; sourceTree = SDKROOT; };
		A05D91E51994CB1F000CA97B /* CoreGraphics.framework */ = {isa = PBXFileReference; lastKnownFileType = wrapper.framework; name = CoreGraphics.framework; path = System/Library/Frameworks/CoreGraphics.framework; sourceTree = SDKROOT; };
		A05D91E71994CB1F000CA97B /* UIKit.framework */ = {isa = PBXFileReference; lastKnownFileType = wrapper.framework; name = UIKit.framework; path = System/Library/Frameworks/UIKit.framework; sourceTree = SDKROOT; };
		A05D91EB1994CB1F000CA97B /* 0km_Popularize-Info.plist */ = {isa = PBXFileReference; lastKnownFileType = text.plist.xml; path = "0km_Popularize-Info.plist"; sourceTree = "<group>"; };
		A05D91ED1994CB1F000CA97B /* en */ = {isa = PBXFileReference; lastKnownFileType = text.plist.strings; name = en; path = en.lproj/InfoPlist.strings; sourceTree = "<group>"; };
		A05D91EF1994CB1F000CA97B /* main.m */ = {isa = PBXFileReference; lastKnownFileType = sourcecode.c.objc; path = main.m; sourceTree = "<group>"; };
		A05D91F11994CB1F000CA97B /* 0km_Popularize-Prefix.pch */ = {isa = PBXFileReference; lastKnownFileType = sourcecode.c.h; path = "0km_Popularize-Prefix.pch"; sourceTree = "<group>"; };
		A05D91F21994CB1F000CA97B /* AppDelegate.h */ = {isa = PBXFileReference; lastKnownFileType = sourcecode.c.h; path = AppDelegate.h; sourceTree = "<group>"; };
		A05D91F31994CB1F000CA97B /* AppDelegate.m */ = {isa = PBXFileReference; lastKnownFileType = sourcecode.c.objc; path = AppDelegate.m; sourceTree = "<group>"; };
		A05D91F51994CB1F000CA97B /* Images.xcassets */ = {isa = PBXFileReference; lastKnownFileType = folder.assetcatalog; path = Images.xcassets; sourceTree = "<group>"; };
		A05D91FB1994CB1F000CA97B /* 0km_PopularizeTests.xctest */ = {isa = PBXFileReference; explicitFileType = wrapper.cfbundle; includeInIndex = 0; path = 0km_PopularizeTests.xctest; sourceTree = BUILT_PRODUCTS_DIR; };
		A05D91FC1994CB1F000CA97B /* XCTest.framework */ = {isa = PBXFileReference; lastKnownFileType = wrapper.framework; name = XCTest.framework; path = Library/Frameworks/XCTest.framework; sourceTree = DEVELOPER_DIR; };
		A05D92041994CB1F000CA97B /* 0km_PopularizeTests-Info.plist */ = {isa = PBXFileReference; lastKnownFileType = text.plist.xml; path = "0km_PopularizeTests-Info.plist"; sourceTree = "<group>"; };
		A05D92061994CB1F000CA97B /* en */ = {isa = PBXFileReference; lastKnownFileType = text.plist.strings; name = en; path = en.lproj/InfoPlist.strings; sourceTree = "<group>"; };
		A05D92081994CB1F000CA97B /* _km_PopularizeTests.m */ = {isa = PBXFileReference; lastKnownFileType = sourcecode.c.objc; path = _km_PopularizeTests.m; sourceTree = "<group>"; };
		A05D92121994CB49000CA97B /* zh-Hans */ = {isa = PBXFileReference; lastKnownFileType = text.plist.strings; name = "zh-Hans"; path = "zh-Hans.lproj/InfoPlist.strings"; sourceTree = "<group>"; };
		A05D92131994CB49000CA97B /* zh-Hans */ = {isa = PBXFileReference; lastKnownFileType = text.plist.strings; name = "zh-Hans"; path = "zh-Hans.lproj/InfoPlist.strings"; sourceTree = "<group>"; };
		A05D92191994CCFB000CA97B /* HomeViewController.h */ = {isa = PBXFileReference; fileEncoding = 4; lastKnownFileType = sourcecode.c.h; path = HomeViewController.h; sourceTree = "<group>"; };
		A05D921A1994CCFB000CA97B /* HomeViewController.m */ = {isa = PBXFileReference; fileEncoding = 4; lastKnownFileType = sourcecode.c.objc; path = HomeViewController.m; sourceTree = "<group>"; };
		A05D921C1994CDAE000CA97B /* RootViewController.h */ = {isa = PBXFileReference; fileEncoding = 4; lastKnownFileType = sourcecode.c.h; path = RootViewController.h; sourceTree = "<group>"; };
		A05D921D1994CDAE000CA97B /* RootViewController.m */ = {isa = PBXFileReference; fileEncoding = 4; lastKnownFileType = sourcecode.c.objc; path = RootViewController.m; sourceTree = "<group>"; };
		A0746E461994EA670041994D /* EditSupervisorViewController.h */ = {isa = PBXFileReference; fileEncoding = 4; lastKnownFileType = sourcecode.c.h; path = EditSupervisorViewController.h; sourceTree = "<group>"; };
		A0746E471994EA670041994D /* EditSupervisorViewController.m */ = {isa = PBXFileReference; fileEncoding = 4; lastKnownFileType = sourcecode.c.objc; path = EditSupervisorViewController.m; sourceTree = "<group>"; };
		A0C5709719A1D7E700ADF591 /* QiniuFile.h */ = {isa = PBXFileReference; fileEncoding = 4; lastKnownFileType = sourcecode.c.h; name = QiniuFile.h; path = 0km_Popularize/Model/QiniuFile.h; sourceTree = SOURCE_ROOT; };
		A0C5709819A1D7E700ADF591 /* QiniuFile.m */ = {isa = PBXFileReference; fileEncoding = 4; lastKnownFileType = sourcecode.c.objc; name = QiniuFile.m; path = 0km_Popularize/Model/QiniuFile.m; sourceTree = SOURCE_ROOT; };
		A0C5709919A1D7E700ADF591 /* QiniuToken.h */ = {isa = PBXFileReference; fileEncoding = 4; lastKnownFileType = sourcecode.c.h; name = QiniuToken.h; path = 0km_Popularize/Model/QiniuToken.h; sourceTree = SOURCE_ROOT; };
		A0C5709A19A1D7E700ADF591 /* QiniuToken.m */ = {isa = PBXFileReference; fileEncoding = 4; lastKnownFileType = sourcecode.c.objc; name = QiniuToken.m; path = 0km_Popularize/Model/QiniuToken.m; sourceTree = SOURCE_ROOT; };
		A0C5709B19A1D7E700ADF591 /* QiniuUploader.h */ = {isa = PBXFileReference; fileEncoding = 4; lastKnownFileType = sourcecode.c.h; name = QiniuUploader.h; path = 0km_Popularize/Model/QiniuUploader.h; sourceTree = SOURCE_ROOT; };
		A0C5709C19A1D7E700ADF591 /* QiniuUploader.m */ = {isa = PBXFileReference; fileEncoding = 4; lastKnownFileType = sourcecode.c.objc; name = QiniuUploader.m; path = 0km_Popularize/Model/QiniuUploader.m; sourceTree = SOURCE_ROOT; };
		A0C5709D19A1D7E700ADF591 /* QiniuUploaderDelegate.h */ = {isa = PBXFileReference; fileEncoding = 4; lastKnownFileType = sourcecode.c.h; name = QiniuUploaderDelegate.h; path = 0km_Popularize/Model/QiniuUploaderDelegate.h; sourceTree = SOURCE_ROOT; };
		A0C570A119A3019B00ADF591 /* DistanceHelper.h */ = {isa = PBXFileReference; fileEncoding = 4; lastKnownFileType = sourcecode.c.h; path = DistanceHelper.h; sourceTree = "<group>"; };
		A0C570A219A3019B00ADF591 /* DistanceHelper.m */ = {isa = PBXFileReference; fileEncoding = 4; lastKnownFileType = sourcecode.c.objc; path = DistanceHelper.m; sourceTree = "<group>"; };
		A0ED05F619A067CC00DDC762 /* Article.h */ = {isa = PBXFileReference; fileEncoding = 4; lastKnownFileType = sourcecode.c.h; path = Article.h; sourceTree = "<group>"; };
		A0ED05F719A067CC00DDC762 /* Article.m */ = {isa = PBXFileReference; fileEncoding = 4; lastKnownFileType = sourcecode.c.objc; path = Article.m; sourceTree = "<group>"; };
		CE0BBBBF7AE1418EABED9E1B /* libPods.a */ = {isa = PBXFileReference; explicitFileType = archive.ar; includeInIndex = 0; path = libPods.a; sourceTree = BUILT_PRODUCTS_DIR; };
/* End PBXFileReference section */

/* Begin PBXFrameworksBuildPhase section */
		A05D91DD1994CB1F000CA97B /* Frameworks */ = {
			isa = PBXFrameworksBuildPhase;
			buildActionMask = 2147483647;
			files = (
				A02C7D34199CB11C00686D1F /* AMapSearchKit.framework in Frameworks */,
				A026F018199C9F2900A59173 /* libz.dylib in Frameworks */,
				A026F016199C9F0D00A59173 /* Security.framework in Frameworks */,
				A026F014199C9F0300A59173 /* libstdc++.6.0.9.dylib in Frameworks */,
				A026F010199C9EC000A59173 /* CoreTelephony.framework in Frameworks */,
				A026F00E199C9EB400A59173 /* SystemConfiguration.framework in Frameworks */,
				A026F00C199C9EA200A59173 /* CoreLocation.framework in Frameworks */,
				A026F00A199C9E9600A59173 /* QuartzCore.framework in Frameworks */,
				A026F008199C9E6F00A59173 /* MAMapKit.framework in Frameworks */,
				A05D91E61994CB1F000CA97B /* CoreGraphics.framework in Frameworks */,
				A05D91E81994CB1F000CA97B /* UIKit.framework in Frameworks */,
				A05D91E41994CB1F000CA97B /* Foundation.framework in Frameworks */,
				DFC41F74C9764F5C974DFAC4 /* libPods.a in Frameworks */,
			);
			runOnlyForDeploymentPostprocessing = 0;
		};
		A05D91F81994CB1F000CA97B /* Frameworks */ = {
			isa = PBXFrameworksBuildPhase;
			buildActionMask = 2147483647;
			files = (
				A05D91FD1994CB1F000CA97B /* XCTest.framework in Frameworks */,
				A05D91FF1994CB1F000CA97B /* UIKit.framework in Frameworks */,
				A05D91FE1994CB1F000CA97B /* Foundation.framework in Frameworks */,
			);
			runOnlyForDeploymentPostprocessing = 0;
		};
/* End PBXFrameworksBuildPhase section */

/* Begin PBXGroup section */
		A0055DC019A1BD6A00775046 /* Token */ = {
			isa = PBXGroup;
			children = (
				A0055DC419A1BDAA00775046 /* GTMBase64.h */,
				A0055DC519A1BDAA00775046 /* GTMBase64.m */,
				A0055DC619A1BDAA00775046 /* GTMDefines.h */,
				A0055DC119A1BD9500775046 /* AccessToken.h */,
				A0055DC219A1BD9500775046 /* AccessToken.m */,
			);
			path = Token;
			sourceTree = "<group>";
		};
		A026F001199C9E5E00A59173 /* AMap_iOS_API_Lib_V2.2.1 */ = {
			isa = PBXGroup;
			children = (
				A026F002199C9E5E00A59173 /* 2D */,
				A026F004199C9E5E00A59173 /* 3D */,
				A026F006199C9E5E00A59173 /* Search */,
			);
			name = AMap_iOS_API_Lib_V2.2.1;
			path = ../../../Downloads/AMap_iOS_API_Lib_V2.2.1;
			sourceTree = "<group>";
		};
		A026F002199C9E5E00A59173 /* 2D */ = {
			isa = PBXGroup;
			children = (
				A026F003199C9E5E00A59173 /* MAMapKit.framework */,
			);
			path = 2D;
			sourceTree = "<group>";
		};
		A026F004199C9E5E00A59173 /* 3D */ = {
			isa = PBXGroup;
			children = (
				A026F005199C9E5E00A59173 /* MAMapKit.framework */,
			);
			path = 3D;
			sourceTree = "<group>";
		};
		A026F006199C9E5E00A59173 /* Search */ = {
			isa = PBXGroup;
			children = (
				A026F007199C9E5E00A59173 /* AMapSearchKit.framework */,
			);
			path = Search;
			sourceTree = "<group>";
		};
		A05D91D71994CB1F000CA97B = {
			isa = PBXGroup;
			children = (
				A026F019199C9F6100A59173 /* AMap.bundle */,
				A05D91E91994CB1F000CA97B /* 0km_Popularize */,
				A05D92021994CB1F000CA97B /* 0km_PopularizeTests */,
				A05D91E21994CB1F000CA97B /* Frameworks */,
				A05D91E11994CB1F000CA97B /* Products */,
				755482C6F6D84185B5C89C3C /* Pods.xcconfig */,
			);
			sourceTree = "<group>";
		};
		A05D91E11994CB1F000CA97B /* Products */ = {
			isa = PBXGroup;
			children = (
				A05D91E01994CB1F000CA97B /* 0km_Popularize.app */,
				A05D91FB1994CB1F000CA97B /* 0km_PopularizeTests.xctest */,
			);
			name = Products;
			sourceTree = "<group>";
		};
		A05D91E21994CB1F000CA97B /* Frameworks */ = {
			isa = PBXGroup;
			children = (
				A02C7D33199CB11C00686D1F /* AMapSearchKit.framework */,
				A026F017199C9F2900A59173 /* libz.dylib */,
				A026F015199C9F0D00A59173 /* Security.framework */,
				A026F013199C9F0300A59173 /* libstdc++.6.0.9.dylib */,
				A026F011199C9EF200A59173 /* libz.1.2.5.dylib */,
				A026F00F199C9EC000A59173 /* CoreTelephony.framework */,
				A026F00D199C9EB400A59173 /* SystemConfiguration.framework */,
				A026F00B199C9EA200A59173 /* CoreLocation.framework */,
				A026F009199C9E9600A59173 /* QuartzCore.framework */,
				A026F001199C9E5E00A59173 /* AMap_iOS_API_Lib_V2.2.1 */,
				A05D91E31994CB1F000CA97B /* Foundation.framework */,
				A05D91E51994CB1F000CA97B /* CoreGraphics.framework */,
				A05D91E71994CB1F000CA97B /* UIKit.framework */,
				A05D91FC1994CB1F000CA97B /* XCTest.framework */,
				CE0BBBBF7AE1418EABED9E1B /* libPods.a */,
			);
			name = Frameworks;
			sourceTree = "<group>";
		};
		A05D91E91994CB1F000CA97B /* 0km_Popularize */ = {
			isa = PBXGroup;
			children = (
				A0ED05F2199F5D0E00DDC762 /* Model */,
				A05D92151994CCD3000CA97B /* Controller */,
				A05D91F21994CB1F000CA97B /* AppDelegate.h */,
				A05D91F31994CB1F000CA97B /* AppDelegate.m */,
				A05D91F51994CB1F000CA97B /* Images.xcassets */,
				A05D91EA1994CB1F000CA97B /* Supporting Files */,
			);
			path = 0km_Popularize;
			sourceTree = "<group>";
		};
		A05D91EA1994CB1F000CA97B /* Supporting Files */ = {
			isa = PBXGroup;
			children = (
				A05D91EB1994CB1F000CA97B /* 0km_Popularize-Info.plist */,
				A05D91EC1994CB1F000CA97B /* InfoPlist.strings */,
				A05D91EF1994CB1F000CA97B /* main.m */,
				A05D91F11994CB1F000CA97B /* 0km_Popularize-Prefix.pch */,
			);
			name = "Supporting Files";
			sourceTree = "<group>";
		};
		A05D92021994CB1F000CA97B /* 0km_PopularizeTests */ = {
			isa = PBXGroup;
			children = (
				A05D92081994CB1F000CA97B /* _km_PopularizeTests.m */,
				A05D92031994CB1F000CA97B /* Supporting Files */,
			);
			path = 0km_PopularizeTests;
			sourceTree = "<group>";
		};
		A05D92031994CB1F000CA97B /* Supporting Files */ = {
			isa = PBXGroup;
			children = (
				A05D92041994CB1F000CA97B /* 0km_PopularizeTests-Info.plist */,
				A05D92051994CB1F000CA97B /* InfoPlist.strings */,
			);
			name = "Supporting Files";
			sourceTree = "<group>";
		};
		A05D92151994CCD3000CA97B /* Controller */ = {
			isa = PBXGroup;
			children = (
				A05D921C1994CDAE000CA97B /* RootViewController.h */,
				A05D921D1994CDAE000CA97B /* RootViewController.m */,
				A05D92161994CCD3000CA97B /* Home */,
				A05D92171994CCD3000CA97B /* Login */,
				A05D92181994CCD3000CA97B /* Process */,
			);
			path = Controller;
			sourceTree = "<group>";
		};
		A05D92161994CCD3000CA97B /* Home */ = {
			isa = PBXGroup;
			children = (
				A05D92191994CCFB000CA97B /* HomeViewController.h */,
				A05D921A1994CCFB000CA97B /* HomeViewController.m */,
			);
			path = Home;
			sourceTree = "<group>";
		};
		A05D92171994CCD3000CA97B /* Login */ = {
			isa = PBXGroup;
			children = (
				A02C7D35199DF07200686D1F /* LoginViewController.h */,
				A02C7D36199DF07200686D1F /* LoginViewController.m */,
			);
			path = Login;
			sourceTree = "<group>";
		};
		A05D92181994CCD3000CA97B /* Process */ = {
			isa = PBXGroup;
			children = (
				A0746E461994EA670041994D /* EditSupervisorViewController.h */,
				A0746E471994EA670041994D /* EditSupervisorViewController.m */,
			);
			path = Process;
			sourceTree = "<group>";
		};
		A0C5709619A1D7DF00ADF591 /* Qiniu */ = {
			isa = PBXGroup;
			children = (
				A0C5709719A1D7E700ADF591 /* QiniuFile.h */,
				A0C5709819A1D7E700ADF591 /* QiniuFile.m */,
				A0C5709919A1D7E700ADF591 /* QiniuToken.h */,
				A0C5709A19A1D7E700ADF591 /* QiniuToken.m */,
				A0C5709B19A1D7E700ADF591 /* QiniuUploader.h */,
				A0C5709C19A1D7E700ADF591 /* QiniuUploader.m */,
				A0C5709D19A1D7E700ADF591 /* QiniuUploaderDelegate.h */,
			);
			path = Qiniu;
			sourceTree = "<group>";
		};
		A0ED05F2199F5D0E00DDC762 /* Model */ = {
			isa = PBXGroup;
			children = (
				A0C5709619A1D7DF00ADF591 /* Qiniu */,
				A0055DC019A1BD6A00775046 /* Token */,
				A0ED05F619A067CC00DDC762 /* Article.h */,
				A0ED05F719A067CC00DDC762 /* Article.m */,
				A0C570A119A3019B00ADF591 /* DistanceHelper.h */,
				A0C570A219A3019B00ADF591 /* DistanceHelper.m */,
			);
			path = Model;
			sourceTree = "<group>";
		};
/* End PBXGroup section */

/* Begin PBXNativeTarget section */
		A05D91DF1994CB1F000CA97B /* 0km_Popularize */ = {
			isa = PBXNativeTarget;
			buildConfigurationList = A05D920C1994CB1F000CA97B /* Build configuration list for PBXNativeTarget "0km_Popularize" */;
			buildPhases = (
				74E4BA0089C948FEA123488B /* Check Pods Manifest.lock */,
				A05D91DC1994CB1F000CA97B /* Sources */,
				A05D91DD1994CB1F000CA97B /* Frameworks */,
				A05D91DE1994CB1F000CA97B /* Resources */,
				3F262EE4F2ED4D178FE6DD5C /* Copy Pods Resources */,
			);
			buildRules = (
			);
			dependencies = (
			);
			name = 0km_Popularize;
			productName = 0km_Popularize;
			productReference = A05D91E01994CB1F000CA97B /* 0km_Popularize.app */;
			productType = "com.apple.product-type.application";
		};
		A05D91FA1994CB1F000CA97B /* 0km_PopularizeTests */ = {
			isa = PBXNativeTarget;
			buildConfigurationList = A05D920F1994CB1F000CA97B /* Build configuration list for PBXNativeTarget "0km_PopularizeTests" */;
			buildPhases = (
				A05D91F71994CB1F000CA97B /* Sources */,
				A05D91F81994CB1F000CA97B /* Frameworks */,
				A05D91F91994CB1F000CA97B /* Resources */,
			);
			buildRules = (
			);
			dependencies = (
				A05D92011994CB1F000CA97B /* PBXTargetDependency */,
			);
			name = 0km_PopularizeTests;
			productName = 0km_PopularizeTests;
			productReference = A05D91FB1994CB1F000CA97B /* 0km_PopularizeTests.xctest */;
			productType = "com.apple.product-type.bundle.unit-test";
		};
/* End PBXNativeTarget section */

/* Begin PBXProject section */
		A05D91D81994CB1F000CA97B /* Project object */ = {
			isa = PBXProject;
			attributes = {
				LastUpgradeCheck = 0510;
				ORGANIZATIONNAME = agile;
				TargetAttributes = {
					A05D91FA1994CB1F000CA97B = {
						TestTargetID = A05D91DF1994CB1F000CA97B;
					};
				};
			};
			buildConfigurationList = A05D91DB1994CB1F000CA97B /* Build configuration list for PBXProject "0km_Popularize" */;
			compatibilityVersion = "Xcode 3.2";
			developmentRegion = English;
			hasScannedForEncodings = 0;
			knownRegions = (
				en,
				"zh-Hans",
			);
			mainGroup = A05D91D71994CB1F000CA97B;
			productRefGroup = A05D91E11994CB1F000CA97B /* Products */;
			projectDirPath = "";
			projectRoot = "";
			targets = (
				A05D91DF1994CB1F000CA97B /* 0km_Popularize */,
				A05D91FA1994CB1F000CA97B /* 0km_PopularizeTests */,
			);
		};
/* End PBXProject section */

/* Begin PBXResourcesBuildPhase section */
		A05D91DE1994CB1F000CA97B /* Resources */ = {
			isa = PBXResourcesBuildPhase;
			buildActionMask = 2147483647;
			files = (
				A026F01A199C9F6100A59173 /* AMap.bundle in Resources */,
				A05D91EE1994CB1F000CA97B /* InfoPlist.strings in Resources */,
				A05D91F61994CB1F000CA97B /* Images.xcassets in Resources */,
			);
			runOnlyForDeploymentPostprocessing = 0;
		};
		A05D91F91994CB1F000CA97B /* Resources */ = {
			isa = PBXResourcesBuildPhase;
			buildActionMask = 2147483647;
			files = (
				A05D92071994CB1F000CA97B /* InfoPlist.strings in Resources */,
			);
			runOnlyForDeploymentPostprocessing = 0;
		};
/* End PBXResourcesBuildPhase section */

/* Begin PBXShellScriptBuildPhase section */
		3F262EE4F2ED4D178FE6DD5C /* Copy Pods Resources */ = {
			isa = PBXShellScriptBuildPhase;
			buildActionMask = 2147483647;
			files = (
			);
			inputPaths = (
			);
			name = "Copy Pods Resources";
			outputPaths = (
			);
			runOnlyForDeploymentPostprocessing = 0;
			shellPath = /bin/sh;
			shellScript = "\"${SRCROOT}/Pods/Pods-resources.sh\"\n";
			showEnvVarsInLog = 0;
		};
		74E4BA0089C948FEA123488B /* Check Pods Manifest.lock */ = {
			isa = PBXShellScriptBuildPhase;
			buildActionMask = 2147483647;
			files = (
			);
			inputPaths = (
			);
			name = "Check Pods Manifest.lock";
			outputPaths = (
			);
			runOnlyForDeploymentPostprocessing = 0;
			shellPath = /bin/sh;
			shellScript = "diff \"${PODS_ROOT}/../Podfile.lock\" \"${PODS_ROOT}/Manifest.lock\" > /dev/null\nif [[ $? != 0 ]] ; then\n    cat << EOM\nerror: The sandbox is not in sync with the Podfile.lock. Run 'pod install' or update your CocoaPods installation.\nEOM\n    exit 1\nfi\n";
			showEnvVarsInLog = 0;
		};
/* End PBXShellScriptBuildPhase section */

/* Begin PBXSourcesBuildPhase section */
		A05D91DC1994CB1F000CA97B /* Sources */ = {
			isa = PBXSourcesBuildPhase;
			buildActionMask = 2147483647;
			files = (
				A0C5709E19A1D7E700ADF591 /* QiniuFile.m in Sources */,
				A0ED05F819A067CC00DDC762 /* Article.m in Sources */,
				A05D91F41994CB1F000CA97B /* AppDelegate.m in Sources */,
				A05D91F01994CB1F000CA97B /* main.m in Sources */,
				A02C7D37199DF07200686D1F /* LoginViewController.m in Sources */,
				A0055DC319A1BD9500775046 /* AccessToken.m in Sources */,
				A0C570A319A3019B00ADF591 /* DistanceHelper.m in Sources */,
				A05D921E1994CDAE000CA97B /* RootViewController.m in Sources */,
				A0C570A019A1D7E700ADF591 /* QiniuUploader.m in Sources */,
				A0055DC719A1BDAA00775046 /* GTMBase64.m in Sources */,
				A05D921B1994CCFB000CA97B /* HomeViewController.m in Sources */,
				A0C5709F19A1D7E700ADF591 /* QiniuToken.m in Sources */,
				A0746E481994EA670041994D /* EditSupervisorViewController.m in Sources */,
			);
			runOnlyForDeploymentPostprocessing = 0;
		};
		A05D91F71994CB1F000CA97B /* Sources */ = {
			isa = PBXSourcesBuildPhase;
			buildActionMask = 2147483647;
			files = (
				A05D92091994CB1F000CA97B /* _km_PopularizeTests.m in Sources */,
			);
			runOnlyForDeploymentPostprocessing = 0;
		};
/* End PBXSourcesBuildPhase section */

/* Begin PBXTargetDependency section */
		A05D92011994CB1F000CA97B /* PBXTargetDependency */ = {
			isa = PBXTargetDependency;
			target = A05D91DF1994CB1F000CA97B /* 0km_Popularize */;
			targetProxy = A05D92001994CB1F000CA97B /* PBXContainerItemProxy */;
		};
/* End PBXTargetDependency section */

/* Begin PBXVariantGroup section */
		A05D91EC1994CB1F000CA97B /* InfoPlist.strings */ = {
			isa = PBXVariantGroup;
			children = (
				A05D91ED1994CB1F000CA97B /* en */,
				A05D92121994CB49000CA97B /* zh-Hans */,
			);
			name = InfoPlist.strings;
			sourceTree = "<group>";
		};
		A05D92051994CB1F000CA97B /* InfoPlist.strings */ = {
			isa = PBXVariantGroup;
			children = (
				A05D92061994CB1F000CA97B /* en */,
				A05D92131994CB49000CA97B /* zh-Hans */,
			);
			name = InfoPlist.strings;
			sourceTree = "<group>";
		};
/* End PBXVariantGroup section */

/* Begin XCBuildConfiguration section */
		A05D920A1994CB1F000CA97B /* Debug */ = {
			isa = XCBuildConfiguration;
			buildSettings = {
				ALWAYS_SEARCH_USER_PATHS = NO;
				CLANG_CXX_LANGUAGE_STANDARD = "gnu++0x";
				CLANG_CXX_LIBRARY = "libc++";
				CLANG_ENABLE_MODULES = YES;
				CLANG_ENABLE_OBJC_ARC = YES;
				CLANG_WARN_BOOL_CONVERSION = YES;
				CLANG_WARN_CONSTANT_CONVERSION = YES;
				CLANG_WARN_DIRECT_OBJC_ISA_USAGE = YES_ERROR;
				CLANG_WARN_EMPTY_BODY = YES;
				CLANG_WARN_ENUM_CONVERSION = YES;
				CLANG_WARN_INT_CONVERSION = YES;
				CLANG_WARN_OBJC_ROOT_CLASS = YES_ERROR;
				CLANG_WARN__DUPLICATE_METHOD_MATCH = YES;
				"CODE_SIGN_IDENTITY[sdk=iphoneos*]" = "iPhone Developer";
				COPY_PHASE_STRIP = NO;
				GCC_C_LANGUAGE_STANDARD = gnu99;
				GCC_DYNAMIC_NO_PIC = NO;
				GCC_OPTIMIZATION_LEVEL = 0;
				GCC_PREPROCESSOR_DEFINITIONS = (
					"DEBUG=1",
					"$(inherited)",
				);
				GCC_SYMBOLS_PRIVATE_EXTERN = NO;
				GCC_WARN_64_TO_32_BIT_CONVERSION = YES;
				GCC_WARN_ABOUT_RETURN_TYPE = YES_ERROR;
				GCC_WARN_UNDECLARED_SELECTOR = YES;
				GCC_WARN_UNINITIALIZED_AUTOS = YES_AGGRESSIVE;
				GCC_WARN_UNUSED_FUNCTION = YES;
				GCC_WARN_UNUSED_VARIABLE = YES;
				IPHONEOS_DEPLOYMENT_TARGET = 7.1;
				ONLY_ACTIVE_ARCH = YES;
				SDKROOT = iphoneos;
			};
			name = Debug;
		};
		A05D920B1994CB1F000CA97B /* Release */ = {
			isa = XCBuildConfiguration;
			buildSettings = {
				ALWAYS_SEARCH_USER_PATHS = NO;
				CLANG_CXX_LANGUAGE_STANDARD = "gnu++0x";
				CLANG_CXX_LIBRARY = "libc++";
				CLANG_ENABLE_MODULES = YES;
				CLANG_ENABLE_OBJC_ARC = YES;
				CLANG_WARN_BOOL_CONVERSION = YES;
				CLANG_WARN_CONSTANT_CONVERSION = YES;
				CLANG_WARN_DIRECT_OBJC_ISA_USAGE = YES_ERROR;
				CLANG_WARN_EMPTY_BODY = YES;
				CLANG_WARN_ENUM_CONVERSION = YES;
				CLANG_WARN_INT_CONVERSION = YES;
				CLANG_WARN_OBJC_ROOT_CLASS = YES_ERROR;
				CLANG_WARN__DUPLICATE_METHOD_MATCH = YES;
				"CODE_SIGN_IDENTITY[sdk=iphoneos*]" = "iPhone Developer";
				COPY_PHASE_STRIP = YES;
				ENABLE_NS_ASSERTIONS = NO;
				GCC_C_LANGUAGE_STANDARD = gnu99;
				GCC_WARN_64_TO_32_BIT_CONVERSION = YES;
				GCC_WARN_ABOUT_RETURN_TYPE = YES_ERROR;
				GCC_WARN_UNDECLARED_SELECTOR = YES;
				GCC_WARN_UNINITIALIZED_AUTOS = YES_AGGRESSIVE;
				GCC_WARN_UNUSED_FUNCTION = YES;
				GCC_WARN_UNUSED_VARIABLE = YES;
				IPHONEOS_DEPLOYMENT_TARGET = 7.1;
				SDKROOT = iphoneos;
				VALIDATE_PRODUCT = YES;
			};
			name = Release;
		};
		A05D920D1994CB1F000CA97B /* Debug */ = {
			isa = XCBuildConfiguration;
			baseConfigurationReference = 755482C6F6D84185B5C89C3C /* Pods.xcconfig */;
			buildSettings = {
				ASSETCATALOG_COMPILER_APPICON_NAME = AppIcon;
				ASSETCATALOG_COMPILER_LAUNCHIMAGE_NAME = LaunchImage;
				FRAMEWORK_SEARCH_PATHS = (
					"$(inherited)",
					/Users/ZhengHongchuan/Downloads/AMap_iOS_API_Lib_V2.2.1/2D,
					/Users/ZhengHongchuan/Downloads/AMap_iOS_API_V2.2/AMap_iOS_API_Lib_V2.2/AMap_iOS_API_Lib_V2.2.1/Search,
				);
				GCC_PRECOMPILE_PREFIX_HEADER = YES;
				GCC_PREFIX_HEADER = "0km_Popularize/0km_Popularize-Prefix.pch";
				INFOPLIST_FILE = "0km_Popularize/0km_Popularize-Info.plist";
				IPHONEOS_DEPLOYMENT_TARGET = 7.0;
				OTHER_LDFLAGS = "-ObjC";
				PRODUCT_NAME = "$(TARGET_NAME)";
				WRAPPER_EXTENSION = app;
			};
			name = Debug;
		};
		A05D920E1994CB1F000CA97B /* Release */ = {
			isa = XCBuildConfiguration;
			baseConfigurationReference = 755482C6F6D84185B5C89C3C /* Pods.xcconfig */;
			buildSettings = {
				ASSETCATALOG_COMPILER_APPICON_NAME = AppIcon;
				ASSETCATALOG_COMPILER_LAUNCHIMAGE_NAME = LaunchImage;
				FRAMEWORK_SEARCH_PATHS = (
					"$(inherited)",
					/Users/ZhengHongchuan/Downloads/AMap_iOS_API_Lib_V2.2.1/2D,
					/Users/ZhengHongchuan/Downloads/AMap_iOS_API_V2.2/AMap_iOS_API_Lib_V2.2/AMap_iOS_API_Lib_V2.2.1/Search,
				);
				GCC_PRECOMPILE_PREFIX_HEADER = YES;
				GCC_PREFIX_HEADER = "0km_Popularize/0km_Popularize-Prefix.pch";
				INFOPLIST_FILE = "0km_Popularize/0km_Popularize-Info.plist";
				IPHONEOS_DEPLOYMENT_TARGET = 7.0;
				OTHER_LDFLAGS = "-ObjC";
				PRODUCT_NAME = "$(TARGET_NAME)";
				WRAPPER_EXTENSION = app;
			};
			name = Release;
		};
		A05D92101994CB1F000CA97B /* Debug */ = {
			isa = XCBuildConfiguration;
			buildSettings = {
				BUNDLE_LOADER = "$(BUILT_PRODUCTS_DIR)/0km_Popularize.app/0km_Popularize";
				FRAMEWORK_SEARCH_PATHS = (
					"$(SDKROOT)/Developer/Library/Frameworks",
					"$(inherited)",
					"$(DEVELOPER_FRAMEWORKS_DIR)",
				);
				GCC_PRECOMPILE_PREFIX_HEADER = YES;
				GCC_PREFIX_HEADER = "0km_Popularize/0km_Popularize-Prefix.pch";
				GCC_PREPROCESSOR_DEFINITIONS = (
					"DEBUG=1",
					"$(inherited)",
				);
				INFOPLIST_FILE = "0km_PopularizeTests/0km_PopularizeTests-Info.plist";
				PRODUCT_NAME = "$(TARGET_NAME)";
				TEST_HOST = "$(BUNDLE_LOADER)";
				WRAPPER_EXTENSION = xctest;
			};
			name = Debug;
		};
		A05D92111994CB1F000CA97B /* Release */ = {
			isa = XCBuildConfiguration;
			buildSettings = {
				BUNDLE_LOADER = "$(BUILT_PRODUCTS_DIR)/0km_Popularize.app/0km_Popularize";
				FRAMEWORK_SEARCH_PATHS = (
					"$(SDKROOT)/Developer/Library/Frameworks",
					"$(inherited)",
					"$(DEVELOPER_FRAMEWORKS_DIR)",
				);
				GCC_PRECOMPILE_PREFIX_HEADER = YES;
				GCC_PREFIX_HEADER = "0km_Popularize/0km_Popularize-Prefix.pch";
				INFOPLIST_FILE = "0km_PopularizeTests/0km_PopularizeTests-Info.plist";
				PRODUCT_NAME = "$(TARGET_NAME)";
				TEST_HOST = "$(BUNDLE_LOADER)";
				WRAPPER_EXTENSION = xctest;
			};
			name = Release;
		};
/* End XCBuildConfiguration section */

/* Begin XCConfigurationList section */
		A05D91DB1994CB1F000CA97B /* Build configuration list for PBXProject "0km_Popularize" */ = {
			isa = XCConfigurationList;
			buildConfigurations = (
				A05D920A1994CB1F000CA97B /* Debug */,
				A05D920B1994CB1F000CA97B /* Release */,
			);
			defaultConfigurationIsVisible = 0;
			defaultConfigurationName = Release;
		};
		A05D920C1994CB1F000CA97B /* Build configuration list for PBXNativeTarget "0km_Popularize" */ = {
			isa = XCConfigurationList;
			buildConfigurations = (
				A05D920D1994CB1F000CA97B /* Debug */,
				A05D920E1994CB1F000CA97B /* Release */,
			);
			defaultConfigurationIsVisible = 0;
			defaultConfigurationName = Release;
		};
		A05D920F1994CB1F000CA97B /* Build configuration list for PBXNativeTarget "0km_PopularizeTests" */ = {
			isa = XCConfigurationList;
			buildConfigurations = (
				A05D92101994CB1F000CA97B /* Debug */,
				A05D92111994CB1F000CA97B /* Release */,
			);
			defaultConfigurationIsVisible = 0;
			defaultConfigurationName = Release;
		};
/* End XCConfigurationList section */
	};
	rootObject = A05D91D81994CB1F000CA97B /* Project object */;
}
